
Microsoft Visual Studio Solution File, Format Version 12.00
# Visual Studio 15
VisualStudioVersion = 15.0.28307.438
MinimumVisualStudioVersion = 10.0.40219.1
Project("{FAE04EC0-301F-11D3-BF4B-00C04F79EFBC}") = "Northwind.UI", "Northwind.UI\Northwind.UI.csproj", "{507B9C83-83F8-4791-AD45-C7388DDCC5D2}"
EndProject
Project("{FAE04EC0-301F-11D3-BF4B-00C04F79EFBC}") = "Northwind.Logic", "Northwind.Logic\Northwind.Logic.csproj", "{8AD94B9B-55E6-499F-83FD-D361E0B324E8}"
EndProject
Project("{FAE04EC0-301F-11D3-BF4B-00C04F79EFBC}") = "Northwind.Database", "Northwind.Database\Northwind.Database.csproj", "{E88F0287-3598-457C-9D72-5B0E932C7198}"
EndProject
Project("{FAE04EC0-301F-11D3-BF4B-00C04F79EFBC}") = "Northwind.White", "Northwind.White\Northwind.White.csproj", "{BE995084-F1D2-4708-BFC4-D485911E8D06}"
EndProject
Global
	GlobalSection(SolutionConfigurationPlatforms) = preSolution
		Debug|Any CPU = Debug|Any CPU
		Release|Any CPU = Release|Any CPU
	EndGlobalSection
	GlobalSection(ProjectConfigurationPlatforms) = postSolution
		{507B9C83-83F8-4791-AD45-C7388DDCC5D2}.Debug|Any CPU.ActiveCfg = Debug|Any CPU
		{507B9C83-83F8-4791-AD45-C7388DDCC5D2}.Debug|Any CPU.Build.0 = Debug|Any CPU
		{507B9C83-83F8-4791-AD45-C7388DDCC5D2}.Release|Any CPU.ActiveCfg = Release|Any CPU
		{507B9C83-83F8-4791-AD45-C7388DDCC5D2}.Release|Any CPU.Build.0 = Release|Any CPU
		{8AD94B9B-55E6-499F-83FD-D361E0B324E8}.Debug|Any CPU.ActiveCfg = Debug|Any CPU
		{8AD94B9B-55E6-499F-83FD-D361E0B324E8}.Debug|Any CPU.Build.0 = Debug|Any CPU
		{8AD94B9B-55E6-499F-83FD-D361E0B324E8}.Release|Any CPU.ActiveCfg = Release|Any CPU
		{8AD94B9B-55E6-499F-83FD-D361E0B324E8}.Release|Any CPU.Build.0 = Release|Any CPU
		{E88F0287-3598-457C-9D72-5B0E932C7198}.Debug|Any CPU.ActiveCfg = Debug|Any CPU
		{E88F0287-3598-457C-9D72-5B0E932C7198}.Debug|Any CPU.Build.0 = Debug|Any CPU
		{E88F0287-3598-457C-9D72-5B0E932C7198}.Release|Any CPU.ActiveCfg = Release|Any CPU
		{E88F0287-3598-457C-9D72-5B0E932C7198}.Release|Any CPU.Build.0 = Release|Any CPU
		{BE995084-F1D2-4708-BFC4-D485911E8D06}.Debug|Any CPU.ActiveCfg = Debug|Any CPU
		{BE995084-F1D2-4708-BFC4-D485911E8D06}.Debug|Any CPU.Build.0 = Debug|Any CPU
		{BE995084-F1D2-4708-BFC4-D485911E8D06}.Release|Any CPU.ActiveCfg = Release|Any CPU
		{BE995084-F1D2-4708-BFC4-D485911E8D06}.Release|Any CPU.Build.0 = Release|Any CPU
	EndGlobalSection
	GlobalSection(SolutionProperties) = preSolution
		HideSolutionNode = FALSE
	EndGlobalSection
	GlobalSection(ExtensibilityGlobals) = postSolution
		SolutionGuid = {32DC9E13-4D6D-4788-B0CD-B51C39A8AD0B}
	EndGlobalSection
EndGlobal
